
Microsoft Visual Studio Solution File, Format Version 12.00
# Visual Studio Version 16
VisualStudioVersion = 16.0.29209.62
MinimumVisualStudioVersion = 10.0.40219.1
Project("{8BC9CEB8-8B4A-11D0-8D11-00A0C91BC942}") = "[Task1] Replace", "Lab01\Lab01.vcxproj", "{430FBEEC-AA5D-4192-9DF2-307E8E075548}"
EndProject
Project("{8BC9CEB8-8B4A-11D0-8D11-00A0C91BC942}") = "[Task2] Radix", "[Task2] Radix\[Task2] Radix.vcxproj", "{8071EC85-D7ED-4B37-B19E-FFEEE5AD6557}"
EndProject
Project("{8BC9CEB8-8B4A-11D0-8D11-00A0C91BC942}") = "[Task3] Invert", "[Task3] Invert\[Task3] Invert.vcxproj", "{C2D88A7A-7A65-423D-A11F-37F6FF7BBD86}"
EndProject
Project("{8BC9CEB8-8B4A-11D0-8D11-00A0C91BC942}") = "[Task4] Crypt", "[Task4] Crypt\[Task4] Crypt.vcxproj", "{55DE68FA-E126-4213-B353-299E36CE9501}"
EndProject
Global
	GlobalSection(SolutionConfigurationPlatforms) = preSolution
		Debug|x64 = Debug|x64
		Debug|x86 = Debug|x86
		Release|x64 = Release|x64
		Release|x86 = Release|x86
	EndGlobalSection
	GlobalSection(ProjectConfigurationPlatforms) = postSolution
		{430FBEEC-AA5D-4192-9DF2-307E8E075548}.Debug|x64.ActiveCfg = Debug|x64
		{430FBEEC-AA5D-4192-9DF2-307E8E075548}.Debug|x64.Build.0 = Debug|x64
		{430FBEEC-AA5D-4192-9DF2-307E8E075548}.Debug|x86.ActiveCfg = Debug|Win32
		{430FBEEC-AA5D-4192-9DF2-307E8E075548}.Debug|x86.Build.0 = Debug|Win32
		{430FBEEC-AA5D-4192-9DF2-307E8E075548}.Release|x64.ActiveCfg = Release|x64
		{430FBEEC-AA5D-4192-9DF2-307E8E075548}.Release|x64.Build.0 = Release|x64
		{430FBEEC-AA5D-4192-9DF2-307E8E075548}.Release|x86.ActiveCfg = Release|Win32
		{430FBEEC-AA5D-4192-9DF2-307E8E075548}.Release|x86.Build.0 = Release|Win32
		{8071EC85-D7ED-4B37-B19E-FFEEE5AD6557}.Debug|x64.ActiveCfg = Debug|x64
		{8071EC85-D7ED-4B37-B19E-FFEEE5AD6557}.Debug|x64.Build.0 = Debug|x64
		{8071EC85-D7ED-4B37-B19E-FFEEE5AD6557}.Debug|x86.ActiveCfg = Debug|Win32
		{8071EC85-D7ED-4B37-B19E-FFEEE5AD6557}.Debug|x86.Build.0 = Debug|Win32
		{8071EC85-D7ED-4B37-B19E-FFEEE5AD6557}.Release|x64.ActiveCfg = Release|x64
		{8071EC85-D7ED-4B37-B19E-FFEEE5AD6557}.Release|x64.Build.0 = Release|x64
		{8071EC85-D7ED-4B37-B19E-FFEEE5AD6557}.Release|x86.ActiveCfg = Release|Win32
		{8071EC85-D7ED-4B37-B19E-FFEEE5AD6557}.Release|x86.Build.0 = Release|Win32
		{C2D88A7A-7A65-423D-A11F-37F6FF7BBD86}.Debug|x64.ActiveCfg = Debug|x64
		{C2D88A7A-7A65-423D-A11F-37F6FF7BBD86}.Debug|x64.Build.0 = Debug|x64
		{C2D88A7A-7A65-423D-A11F-37F6FF7BBD86}.Debug|x86.ActiveCfg = Debug|Win32
		{C2D88A7A-7A65-423D-A11F-37F6FF7BBD86}.Debug|x86.Build.0 = Debug|Win32
		{C2D88A7A-7A65-423D-A11F-37F6FF7BBD86}.Release|x64.ActiveCfg = Release|x64
		{C2D88A7A-7A65-423D-A11F-37F6FF7BBD86}.Release|x64.Build.0 = Release|x64
		{C2D88A7A-7A65-423D-A11F-37F6FF7BBD86}.Release|x86.ActiveCfg = Release|Win32
		{C2D88A7A-7A65-423D-A11F-37F6FF7BBD86}.Release|x86.Build.0 = Release|Win32
		{55DE68FA-E126-4213-B353-299E36CE9501}.Debug|x64.ActiveCfg = Debug|x64
		{55DE68FA-E126-4213-B353-299E36CE9501}.Debug|x64.Build.0 = Debug|x64
		{55DE68FA-E126-4213-B353-299E36CE9501}.Debug|x86.ActiveCfg = Debug|Win32
		{55DE68FA-E126-4213-B353-299E36CE9501}.Debug|x86.Build.0 = Debug|Win32
		{55DE68FA-E126-4213-B353-299E36CE9501}.Release|x64.ActiveCfg = Release|x64
		{55DE68FA-E126-4213-B353-299E36CE9501}.Release|x64.Build.0 = Release|x64
		{55DE68FA-E126-4213-B353-299E36CE9501}.Release|x86.ActiveCfg = Release|Win32
		{55DE68FA-E126-4213-B353-299E36CE9501}.Release|x86.Build.0 = Release|Win32
	EndGlobalSection
	GlobalSection(SolutionProperties) = preSolution
		HideSolutionNode = FALSE
	EndGlobalSection
	GlobalSection(ExtensibilityGlobals) = postSolution
		SolutionGuid = {C2D21BE0-6F38-4E5C-85A5-5768248F3C1C}
	EndGlobalSection
EndGlobal
