
Microsoft Visual Studio Solution File, Format Version 12.00
# Visual Studio Version 16
VisualStudioVersion = 16.0.29209.62
MinimumVisualStudioVersion = 10.0.40219.1
Project("{8BC9CEB8-8B4A-11D0-8D11-00A0C91BC942}") = "http_url", "http_url\http_url.vcxproj", "{609EF158-1A39-47AA-98B3-5559CD414038}"
EndProject
Project("{8BC9CEB8-8B4A-11D0-8D11-00A0C91BC942}") = "http_url_tests", "http_url_tests\http_url_tests.vcxproj", "{463ECF52-A987-40EE-9C5A-65C824F8A88E}"
EndProject
Project("{8BC9CEB8-8B4A-11D0-8D11-00A0C91BC942}") = "StringList", "StringList\StringList.vcxproj", "{AA264540-DFC1-4547-8F75-F78CA3E50D54}"
EndProject
Project("{8BC9CEB8-8B4A-11D0-8D11-00A0C91BC942}") = "StringListTests", "StringListTests\StringListTests.vcxproj", "{DE7F42BC-8BE3-4699-9191-0DE2658620A2}"
EndProject
Global
	GlobalSection(SolutionConfigurationPlatforms) = preSolution
		Debug|x64 = Debug|x64
		Debug|x86 = Debug|x86
		Release|x64 = Release|x64
		Release|x86 = Release|x86
	EndGlobalSection
	GlobalSection(ProjectConfigurationPlatforms) = postSolution
		{609EF158-1A39-47AA-98B3-5559CD414038}.Debug|x64.ActiveCfg = Debug|x64
		{609EF158-1A39-47AA-98B3-5559CD414038}.Debug|x64.Build.0 = Debug|x64
		{609EF158-1A39-47AA-98B3-5559CD414038}.Debug|x86.ActiveCfg = Debug|Win32
		{609EF158-1A39-47AA-98B3-5559CD414038}.Debug|x86.Build.0 = Debug|Win32
		{609EF158-1A39-47AA-98B3-5559CD414038}.Release|x64.ActiveCfg = Release|x64
		{609EF158-1A39-47AA-98B3-5559CD414038}.Release|x64.Build.0 = Release|x64
		{609EF158-1A39-47AA-98B3-5559CD414038}.Release|x86.ActiveCfg = Release|Win32
		{609EF158-1A39-47AA-98B3-5559CD414038}.Release|x86.Build.0 = Release|Win32
		{463ECF52-A987-40EE-9C5A-65C824F8A88E}.Debug|x64.ActiveCfg = Debug|x64
		{463ECF52-A987-40EE-9C5A-65C824F8A88E}.Debug|x64.Build.0 = Debug|x64
		{463ECF52-A987-40EE-9C5A-65C824F8A88E}.Debug|x86.ActiveCfg = Debug|Win32
		{463ECF52-A987-40EE-9C5A-65C824F8A88E}.Debug|x86.Build.0 = Debug|Win32
		{463ECF52-A987-40EE-9C5A-65C824F8A88E}.Release|x64.ActiveCfg = Release|x64
		{463ECF52-A987-40EE-9C5A-65C824F8A88E}.Release|x64.Build.0 = Release|x64
		{463ECF52-A987-40EE-9C5A-65C824F8A88E}.Release|x86.ActiveCfg = Release|Win32
		{463ECF52-A987-40EE-9C5A-65C824F8A88E}.Release|x86.Build.0 = Release|Win32
		{AA264540-DFC1-4547-8F75-F78CA3E50D54}.Debug|x64.ActiveCfg = Debug|x64
		{AA264540-DFC1-4547-8F75-F78CA3E50D54}.Debug|x64.Build.0 = Debug|x64
		{AA264540-DFC1-4547-8F75-F78CA3E50D54}.Debug|x86.ActiveCfg = Debug|Win32
		{AA264540-DFC1-4547-8F75-F78CA3E50D54}.Debug|x86.Build.0 = Debug|Win32
		{AA264540-DFC1-4547-8F75-F78CA3E50D54}.Release|x64.ActiveCfg = Release|x64
		{AA264540-DFC1-4547-8F75-F78CA3E50D54}.Release|x64.Build.0 = Release|x64
		{AA264540-DFC1-4547-8F75-F78CA3E50D54}.Release|x86.ActiveCfg = Release|Win32
		{AA264540-DFC1-4547-8F75-F78CA3E50D54}.Release|x86.Build.0 = Release|Win32
		{DE7F42BC-8BE3-4699-9191-0DE2658620A2}.Debug|x64.ActiveCfg = Debug|x64
		{DE7F42BC-8BE3-4699-9191-0DE2658620A2}.Debug|x64.Build.0 = Debug|x64
		{DE7F42BC-8BE3-4699-9191-0DE2658620A2}.Debug|x86.ActiveCfg = Debug|Win32
		{DE7F42BC-8BE3-4699-9191-0DE2658620A2}.Debug|x86.Build.0 = Debug|Win32
		{DE7F42BC-8BE3-4699-9191-0DE2658620A2}.Release|x64.ActiveCfg = Release|x64
		{DE7F42BC-8BE3-4699-9191-0DE2658620A2}.Release|x64.Build.0 = Release|x64
		{DE7F42BC-8BE3-4699-9191-0DE2658620A2}.Release|x86.ActiveCfg = Release|Win32
		{DE7F42BC-8BE3-4699-9191-0DE2658620A2}.Release|x86.Build.0 = Release|Win32
	EndGlobalSection
	GlobalSection(SolutionProperties) = preSolution
		HideSolutionNode = FALSE
	EndGlobalSection
	GlobalSection(ExtensibilityGlobals) = postSolution
		SolutionGuid = {68102B78-B80E-43D7-9F03-6B3CC6634F06}
	EndGlobalSection
EndGlobal
